github.com/hslam/inproc v0.0.0-20210808071438-d2fc848886cb h1:ZotvpqsWEmJLYk0Doq1cbncoNar+21VYgabteGfwTcY=
github.com/hslam/inproc v0.0.0-20210808071438-d2fc848886cb/go.mod h1:UDfJZX2mkqDQFBK4P8oSuiM+PC08eis5Vvr0tvdhC3I=
github.com/hslam/mmap v1.0.0 h1:GSp55lZrPDhctob3yE0SqESBjzgCn9cP4iu4Pmmm+gE=
github.com/hslam/mmap v1.0.0/go.mod h1:mtuj54WoaupC65QteY9RubXVPkQT86Q/Xj0WPzRefFw=
github.com/hslam/netpoll v0.0.4-0.20210301070501-a0b2f05cc11c h1:zCcSmt57o9tTEslUsPzYeco+DvgGnkHZ0rXnPGPRmeQ=
github.com/hslam/netpoll v0.0.4-0.20210301070501-a0b2f05cc11c/go.mod h1:72JRIZHE/o3jC/RbUjwoipxzjjPWKu/QzXbgfkg2Ze8=
github.com/hslam/sendfile v1.0.1 h1:0OLb5VRwjdN3q9hkslfk5nPQIrH5UmGTjSuJtV4Zq+8=
github.com/hslam/sendfile v1.0.1/go.mod h1:IVInXNh7ccvv6fdFkcC3gRGCH7E+fRsTlyBnftCAk5A=
github.com/hslam/splice v1.0.3 h1:CwSmzu6AAm8sb2wYgSGvTwixy3seqA6xJ9NXQ0ff3j4=
github.com/hslam/splice v1.0.3/go.mod h1:7D1QlFptoG0ruXzcAwpzckKxUN4+ZpvrIhwfbcAQcx8=
github.com/hslam/websocket v0.1.1-0.20210808073903-729ad10bc6cd h1:ETkMe+CjJnZme5AeBxiPQqNIgdtuW0Vtsaw6o50iNYM=
github.com/hslam/websocket v0.1.1-0.20210808073903-729ad10bc6cd/go.mod h1:/WiAOTjkeOlL1KFEIGYupk0ovmnR/+TAd5UsYFPyEn4=
github.com/hslam/writer v1.0.1-0.20210613145035-7fe9abcc6a5c h1:hJXEO+/q53/fP3oO9ETbQBOkyCRPCNlvngYdKDxs9HA=
github.com/hslam/writer v1.0.1-0.20210613145035-7fe9abcc6a5c/go.mod h1:DJTidm2vEiuE6ZOOpqc/PnW6C9XipodkRPE/b2hxXA0=
